
Microsoft Visual Studio Solution File, Format Version 12.00
# Visual Studio 15
Project("{FAE04EC0-301F-11D3-BF4B-00C04F79EFBC}") = "Assembly-CSharp", "Assembly-CSharp.csproj", "{F3EB7C50-93FC-88C3-5713-5A99CC624CCF}"
EndProject
Project("{FAE04EC0-301F-11D3-BF4B-00C04F79EFBC}") = "Assembly-CSharp-Editor", "Assembly-CSharp-Editor.csproj", "{E8BDF6CA-3ED8-E780-D7FB-35CBB254B561}"
EndProject
Global
	GlobalSection(SolutionConfigurationPlatforms) = preSolution
		Debug|Any CPU = Debug|Any CPU
		Release|Any CPU = Release|Any CPU
	EndGlobalSection
	GlobalSection(ProjectConfigurationPlatforms) = postSolution
		{F3EB7C50-93FC-88C3-5713-5A99CC624CCF}.Debug|Any CPU.ActiveCfg = Debug|Any CPU
		{F3EB7C50-93FC-88C3-5713-5A99CC624CCF}.Debug|Any CPU.Build.0 = Debug|Any CPU
		{F3EB7C50-93FC-88C3-5713-5A99CC624CCF}.Release|Any CPU.ActiveCfg = Release|Any CPU
		{F3EB7C50-93FC-88C3-5713-5A99CC624CCF}.Release|Any CPU.Build.0 = Release|Any CPU
		{E8BDF6CA-3ED8-E780-D7FB-35CBB254B561}.Debug|Any CPU.ActiveCfg = Debug|Any CPU
		{E8BDF6CA-3ED8-E780-D7FB-35CBB254B561}.Debug|Any CPU.Build.0 = Debug|Any CPU
		{E8BDF6CA-3ED8-E780-D7FB-35CBB254B561}.Release|Any CPU.ActiveCfg = Release|Any CPU
		{E8BDF6CA-3ED8-E780-D7FB-35CBB254B561}.Release|Any CPU.Build.0 = Release|Any CPU
	EndGlobalSection
	GlobalSection(SolutionProperties) = preSolution
		HideSolutionNode = FALSE
	EndGlobalSection
EndGlobal
